
Microsoft Visual Studio Solution File, Format Version 12.00
# Visual Studio Version 17
VisualStudioVersion = 17.12.35514.174 d17.12
MinimumVisualStudioVersion = 10.0.40219.1
Project("{FAE04EC0-301F-11D3-BF4B-00C04F79EFBC}") = "SentimentsReact.Server", "SentimentsReact.Server\SentimentsReact.Server.csproj", "{5D8D1308-D906-41E1-AB2B-CE234CAAB671}"
EndProject
Project("{54A90642-561A-4BB1-A94E-469ADEE60C69}") = "sentimentsreact.client", "sentimentsreact.client\sentimentsreact.client.esproj", "{BD89CBFB-6302-4395-8B12-8D167DD898DD}"
EndProject
Global
	GlobalSection(SolutionConfigurationPlatforms) = preSolution
		Debug|Any CPU = Debug|Any CPU
		Release|Any CPU = Release|Any CPU
	EndGlobalSection
	GlobalSection(ProjectConfigurationPlatforms) = postSolution
		{5D8D1308-D906-41E1-AB2B-CE234CAAB671}.Debug|Any CPU.ActiveCfg = Debug|Any CPU
		{5D8D1308-D906-41E1-AB2B-CE234CAAB671}.Debug|Any CPU.Build.0 = Debug|Any CPU
		{5D8D1308-D906-41E1-AB2B-CE234CAAB671}.Release|Any CPU.ActiveCfg = Release|Any CPU
		{5D8D1308-D906-41E1-AB2B-CE234CAAB671}.Release|Any CPU.Build.0 = Release|Any CPU
		{BD89CBFB-6302-4395-8B12-8D167DD898DD}.Debug|Any CPU.ActiveCfg = Debug|Any CPU
		{BD89CBFB-6302-4395-8B12-8D167DD898DD}.Debug|Any CPU.Build.0 = Debug|Any CPU
		{BD89CBFB-6302-4395-8B12-8D167DD898DD}.Debug|Any CPU.Deploy.0 = Debug|Any CPU
		{BD89CBFB-6302-4395-8B12-8D167DD898DD}.Release|Any CPU.ActiveCfg = Release|Any CPU
		{BD89CBFB-6302-4395-8B12-8D167DD898DD}.Release|Any CPU.Build.0 = Release|Any CPU
		{BD89CBFB-6302-4395-8B12-8D167DD898DD}.Release|Any CPU.Deploy.0 = Release|Any CPU
	EndGlobalSection
	GlobalSection(SolutionProperties) = preSolution
		HideSolutionNode = FALSE
	EndGlobalSection
EndGlobal
